# THIS IS AN AUTOGENERATED FILE. DO NOT EDIT THIS FILE DIRECTLY.
# yarn lockfile v1


"@tauri-apps/api@^1.0.2":
  version "1.0.2"
  resolved "https://registry.yarnpkg.com/@tauri-apps/api/-/api-1.0.2.tgz#5228720e35d50fd08df87067dc29e7306c1f7a10"
  integrity sha512-yuNW0oeJ1/ZA7wNF1KgxhHrSu5viPVzY/UgUczzN5ptLM8dH15Juy5rEGkoHfeXGju90Y/l22hi3BtIrp/za+w==

"@tauri-apps/cli-darwin-arm64@1.0.3":
  version "1.0.3"
  resolved "https://registry.yarnpkg.com/@tauri-apps/cli-darwin-arm64/-/cli-darwin-arm64-1.0.3.tgz#aa14aff2465274d502ab1d22ce1bbbcd66695705"
  integrity sha512-J0KkbpHwaTEaQFWA/yx+LDYwhV+MMI1GJsHqT1L7cIsDD/DoFyVQq8kDCZ71xTx61g0fgLwbXeTenpLEcegRpw==

"@tauri-apps/cli-darwin-x64@1.0.3":
  version "1.0.3"
  resolved "https://registry.yarnpkg.com/@tauri-apps/cli-darwin-x64/-/cli-darwin-x64-1.0.3.tgz#e470f37d0d284bf72b64327ec6f5a6052f0ae8ed"
  integrity sha512-xO6bBCzLFIg9IelF7djUDqOpLXFv9jvaEwGgMacbhNHrqmH8DdgFqQ0vChUnNkSHxGvbl48Ob/w9tPajfGsW/w==

"@tauri-apps/cli-linux-arm-gnueabihf@1.0.3":
  version "1.0.3"
  resolved "https://registry.yarnpkg.com/@tauri-apps/cli-linux-arm-gnueabihf/-/cli-linux-arm-gnueabihf-1.0.3.tgz#000ea7499059618345fb742363f4e66d55fd7c71"
  integrity sha512-0lOBJgtklVw8ZQPw9wBiYMLontW+TgZ45wNz/jawx2TFWy8XZVflKXGR82/Cc1RyYKgxJTgzpbHhH0ueA2hUGg==

"@tauri-apps/cli-linux-arm64-gnu@1.0.3":
  version "1.0.3"
  resolved "https://registry.yarnpkg.com/@tauri-apps/cli-linux-arm64-gnu/-/cli-linux-arm64-gnu-1.0.3.tgz#467d9081a1890d7693cc964cc92087c95ef26f93"
  integrity sha512-NS7ki2JPCFzntV5X5xiPfseTHyb7K0zlX8Ntvu39ARaFBbIWKe7xBKpp1bBNiKFoHlfXFAe28yQtPh3xsuuLaQ==

"@tauri-apps/cli-linux-arm64-musl@1.0.3":
  version "1.0.3"
  resolved "https://registry.yarnpkg.com/@tauri-apps/cli-linux-arm64-musl/-/cli-linux-arm64-musl-1.0.3.tgz#8def78eafe9d96e2d07b44da1b375dd1ff97afa8"
  integrity sha512-ak3xFnuk4pxLgsBD3CqscNICUVrEIwcFUP6WEKLAkvOrfozeZ14YE3hdTQF3fpKWa5TvROiJcS/0I62FkGtRkQ==

"@tauri-apps/cli-linux-x64-gnu@1.0.3":
  version "1.0.3"
  resolved "https://registry.yarnpkg.com/@tauri-apps/cli-linux-x64-gnu/-/cli-linux-x64-gnu-1.0.3.tgz#9ff0f8d4cf9b16a28ce85ba743812f621cb2e115"
  integrity sha512-qj1fYINU5EYLxjpdlKLy/ZYev7EyIhiV1vxkYZzoY4w+9UW75+qv77QLWRgWnmN/Z6RyxP50PUuUfUPDV111+A==

"@tauri-apps/cli-linux-x64-musl@1.0.3":
  version "1.0.3"
  resolved "https://registry.yarnpkg.com/@tauri-apps/cli-linux-x64-musl/-/cli-linux-x64-musl-1.0.3.tgz#89841db0c2f99178e5cef96b024f5e80a1e5dbad"
  integrity sha512-jJZrZNltnobavoCxgQyUm8d2vfZHAOG5I5xSpqD4PSAl1hR72Z6rHCEp3RzOxgk92yoPJapu/rvTXj2RudfcJQ==

"@tauri-apps/cli-win32-ia32-msvc@1.0.3":
  version "1.0.3"
  resolved "https://registry.yarnpkg.com/@tauri-apps/cli-win32-ia32-msvc/-/cli-win32-ia32-msvc-1.0.3.tgz#ae437c3b85314f1d25ae08894a21d6435353d77b"
  integrity sha512-n3JWIpSaqs80lBt3B3qqWpjfcYzuQ0SzkIXCppBM6zBKORR6mJRLgMdM1D22b7PfqTCfkpJpufpwWvFvIsZFsQ==

"@tauri-apps/cli-win32-x64-msvc@1.0.3":
  version "1.0.3"
  resolved "https://registry.yarnpkg.com/@tauri-apps/cli-win32-x64-msvc/-/cli-win32-x64-msvc-1.0.3.tgz#a63d15b7ca5d6f7e29d25baf5152c4438d98f5e7"
  integrity sha512-Sg/s4SAwIV2hix3P5oyj3SDTXAtmbCDXwEzOr+19CRvto10wDzUD8itJroZPSIuL+NtL4kjmDnoI4gd/1Mrvdw==

"@tauri-apps/cli@^1.0.3":
  version "1.0.3"
  resolved "https://registry.yarnpkg.com/@tauri-apps/cli/-/cli-1.0.3.tgz#3ea201a8f4446f5286d3272bbb0d39875ac4839f"
  integrity sha512-Ufwj4Fs+/8TQrVIoYbALZ9oB4pxeUFrNWAckUViv0NfyRjATBa6PbC9Q9lalNeSGqciKQEx2ox0UbwAk2p2iOg==
  optionalDependencies:
    "@tauri-apps/cli-darwin-arm64" "1.0.3"
    "@tauri-apps/cli-darwin-x64" "1.0.3"
    "@tauri-apps/cli-linux-arm-gnueabihf" "1.0.3"
    "@tauri-apps/cli-linux-arm64-gnu" "1.0.3"
    "@tauri-apps/cli-linux-arm64-musl" "1.0.3"
    "@tauri-apps/cli-linux-x64-gnu" "1.0.3"
    "@tauri-apps/cli-linux-x64-musl" "1.0.3"
    "@tauri-apps/cli-win32-ia32-msvc" "1.0.3"
    "@tauri-apps/cli-win32-x64-msvc" "1.0.3"
